// !$*UTF8*$!
{
	archiveVersion = 1;
	classes = {
	};
	objectVersion = 50;
	objects = {

/* Begin PBXBuildFile section */
		5A638055170E6E36C336B526 /* Pods_HowlTalk.framework in Frameworks */ = {isa = PBXBuildFile; fileRef = 0BF4F89DF59EC5E7EF3B9426 /* Pods_HowlTalk.framework */; };
		8318C9E220C3FD7D00144C4D /* Logger.swift in Sources */ = {isa = PBXBuildFile; fileRef = 8318C9E120C3FD7D00144C4D /* Logger.swift */; };
		8318C9E420C4037300144C4D /* GoogleService-Info.plist in Resources */ = {isa = PBXBuildFile; fileRef = 8318C9E320C4037300144C4D /* GoogleService-Info.plist */; };
		8318C9E620C4089800144C4D /* RemoteConfigDefaults.plist in Resources */ = {isa = PBXBuildFile; fileRef = 8318C9E520C4089800144C4D /* RemoteConfigDefaults.plist */; };
		8337ECE420C6C60D00CB2C2E /* UIColor+Extension.swift in Sources */ = {isa = PBXBuildFile; fileRef = 8337ECE220C6C60D00CB2C2E /* UIColor+Extension.swift */; };
		8337ECE520C6C60D00CB2C2E /* Date+Extension.swift in Sources */ = {isa = PBXBuildFile; fileRef = 8337ECE320C6C60D00CB2C2E /* Date+Extension.swift */; };
		8337ECE720C6C8B500CB2C2E /* SignUpViewController.swift in Sources */ = {isa = PBXBuildFile; fileRef = 8337ECE620C6C8B500CB2C2E /* SignUpViewController.swift */; };
		8337ECE920C6C8BD00CB2C2E /* SignUpViewController.storyboard in Resources */ = {isa = PBXBuildFile; fileRef = 8337ECE820C6C8BD00CB2C2E /* SignUpViewController.storyboard */; };
		8347056D20C94F1400C5B44E /* MainViewController.swift in Sources */ = {isa = PBXBuildFile; fileRef = 8347056C20C94F1400C5B44E /* MainViewController.swift */; };
		8347056F20C94F2000C5B44E /* MainViewController.storyboard in Resources */ = {isa = PBXBuildFile; fileRef = 8347056E20C94F2000C5B44E /* MainViewController.storyboard */; };
		8350372520C94BB200CCE958 /* UIAlertController.swift in Sources */ = {isa = PBXBuildFile; fileRef = 8350372420C94BB200CCE958 /* UIAlertController.swift */; };
		835952CC20B3B0C400E1ECDA /* AppDelegate.swift in Sources */ = {isa = PBXBuildFile; fileRef = 835952CB20B3B0C400E1ECDA /* AppDelegate.swift */; };
		835952CE20B3B0C400E1ECDA /* LogInViewController.swift in Sources */ = {isa = PBXBuildFile; fileRef = 835952CD20B3B0C400E1ECDA /* LogInViewController.swift */; };
		835952D120B3B0C400E1ECDA /* LogInViewController.storyboard in Resources */ = {isa = PBXBuildFile; fileRef = 835952CF20B3B0C400E1ECDA /* LogInViewController.storyboard */; };
		835952D320B3B0C500E1ECDA /* Assets.xcassets in Resources */ = {isa = PBXBuildFile; fileRef = 835952D220B3B0C500E1ECDA /* Assets.xcassets */; };
		835952D620B3B0C500E1ECDA /* LaunchScreen.storyboard in Resources */ = {isa = PBXBuildFile; fileRef = 835952D420B3B0C500E1ECDA /* LaunchScreen.storyboard */; };
		83B9CB2220CAD9A600E73F79 /* LaunchScreen.swift in Sources */ = {isa = PBXBuildFile; fileRef = 83B9CB2120CAD9A600E73F79 /* LaunchScreen.swift */; };
/* End PBXBuildFile section */

/* Begin PBXFileReference section */
		0BF4F89DF59EC5E7EF3B9426 /* Pods_HowlTalk.framework */ = {isa = PBXFileReference; explicitFileType = wrapper.framework; includeInIndex = 0; path = Pods_HowlTalk.framework; sourceTree = BUILT_PRODUCTS_DIR; };
		2EC364FB256C014B919F642F /* Pods-HowlTalk.debug.xcconfig */ = {isa = PBXFileReference; includeInIndex = 1; lastKnownFileType = text.xcconfig; name = "Pods-HowlTalk.debug.xcconfig"; path = "Pods/Target Support Files/Pods-HowlTalk/Pods-HowlTalk.debug.xcconfig"; sourceTree = "<group>"; };
		8318C9E120C3FD7D00144C4D /* Logger.swift */ = {isa = PBXFileReference; lastKnownFileType = sourcecode.swift; path = Logger.swift; sourceTree = "<group>"; };
		8318C9E320C4037300144C4D /* GoogleService-Info.plist */ = {isa = PBXFileReference; fileEncoding = 4; lastKnownFileType = text.plist.xml; path = "GoogleService-Info.plist"; sourceTree = "<group>"; };
		8318C9E520C4089800144C4D /* RemoteConfigDefaults.plist */ = {isa = PBXFileReference; lastKnownFileType = text.plist.xml; path = RemoteConfigDefaults.plist; sourceTree = "<group>"; };
		8337ECE220C6C60D00CB2C2E /* UIColor+Extension.swift */ = {isa = PBXFileReference; fileEncoding = 4; lastKnownFileType = sourcecode.swift; path = "UIColor+Extension.swift"; sourceTree = "<group>"; };
		8337ECE320C6C60D00CB2C2E /* Date+Extension.swift */ = {isa = PBXFileReference; fileEncoding = 4; lastKnownFileType = sourcecode.swift; path = "Date+Extension.swift"; sourceTree = "<group>"; };
		8337ECE620C6C8B500CB2C2E /* SignUpViewController.swift */ = {isa = PBXFileReference; lastKnownFileType = sourcecode.swift; path = SignUpViewController.swift; sourceTree = "<group>"; };
		8337ECE820C6C8BD00CB2C2E /* SignUpViewController.storyboard */ = {isa = PBXFileReference; lastKnownFileType = file.storyboard; path = SignUpViewController.storyboard; sourceTree = "<group>"; };
		8347056C20C94F1400C5B44E /* MainViewController.swift */ = {isa = PBXFileReference; lastKnownFileType = sourcecode.swift; path = MainViewController.swift; sourceTree = "<group>"; };
		8347056E20C94F2000C5B44E /* MainViewController.storyboard */ = {isa = PBXFileReference; lastKnownFileType = file.storyboard; path = MainViewController.storyboard; sourceTree = "<group>"; };
		8350372420C94BB200CCE958 /* UIAlertController.swift */ = {isa = PBXFileReference; lastKnownFileType = sourcecode.swift; path = UIAlertController.swift; sourceTree = "<group>"; };
		835952C820B3B0C400E1ECDA /* HowlTalk.app */ = {isa = PBXFileReference; explicitFileType = wrapper.application; includeInIndex = 0; path = HowlTalk.app; sourceTree = BUILT_PRODUCTS_DIR; };
		835952CB20B3B0C400E1ECDA /* AppDelegate.swift */ = {isa = PBXFileReference; lastKnownFileType = sourcecode.swift; path = AppDelegate.swift; sourceTree = "<group>"; };
		835952CD20B3B0C400E1ECDA /* LogInViewController.swift */ = {isa = PBXFileReference; lastKnownFileType = sourcecode.swift; path = LogInViewController.swift; sourceTree = "<group>"; };
		835952D020B3B0C400E1ECDA /* Base */ = {isa = PBXFileReference; lastKnownFileType = file.storyboard; name = Base; path = Base.lproj/LogInViewController.storyboard; sourceTree = "<group>"; };
		835952D220B3B0C500E1ECDA /* Assets.xcassets */ = {isa = PBXFileReference; lastKnownFileType = folder.assetcatalog; path = Assets.xcassets; sourceTree = "<group>"; };
		835952D520B3B0C500E1ECDA /* Base */ = {isa = PBXFileReference; lastKnownFileType = file.storyboard; name = Base; path = Base.lproj/LaunchScreen.storyboard; sourceTree = "<group>"; };
		835952D720B3B0C500E1ECDA /* Info.plist */ = {isa = PBXFileReference; lastKnownFileType = text.plist.xml; path = Info.plist; sourceTree = "<group>"; };
		83B9CB2120CAD9A600E73F79 /* LaunchScreen.swift */ = {isa = PBXFileReference; lastKnownFileType = sourcecode.swift; path = LaunchScreen.swift; sourceTree = "<group>"; };
		970F5A9EFFE4AFAD66242517 /* Pods-HowlTalk.release.xcconfig */ = {isa = PBXFileReference; includeInIndex = 1; lastKnownFileType = text.xcconfig; name = "Pods-HowlTalk.release.xcconfig"; path = "Pods/Target Support Files/Pods-HowlTalk/Pods-HowlTalk.release.xcconfig"; sourceTree = "<group>"; };
/* End PBXFileReference section */

/* Begin PBXFrameworksBuildPhase section */
		835952C520B3B0C400E1ECDA /* Frameworks */ = {
			isa = PBXFrameworksBuildPhase;
			buildActionMask = 2147483647;
			files = (
				5A638055170E6E36C336B526 /* Pods_HowlTalk.framework in Frameworks */,
			);
			runOnlyForDeploymentPostprocessing = 0;
		};
/* End PBXFrameworksBuildPhase section */

/* Begin PBXGroup section */
		085E0AB1863A2109F24FF108 /* Frameworks */ = {
			isa = PBXGroup;
			children = (
				0BF4F89DF59EC5E7EF3B9426 /* Pods_HowlTalk.framework */,
			);
			name = Frameworks;
			sourceTree = "<group>";
		};
		8318C9DE20C3FB3500144C4D /* Common */ = {
			isa = PBXGroup;
			children = (
				8337ECE220C6C60D00CB2C2E /* UIColor+Extension.swift */,
				8337ECE320C6C60D00CB2C2E /* Date+Extension.swift */,
				8318C9E120C3FD7D00144C4D /* Logger.swift */,
				8350372420C94BB200CCE958 /* UIAlertController.swift */,
			);
			path = Common;
			sourceTree = "<group>";
		};
		8347056A20C7FE9600C5B44E /* View */ = {
			isa = PBXGroup;
			children = (
				8347056E20C94F2000C5B44E /* MainViewController.storyboard */,
				835952CF20B3B0C400E1ECDA /* LogInViewController.storyboard */,
				8337ECE820C6C8BD00CB2C2E /* SignUpViewController.storyboard */,
			);
			name = View;
			path = "New Group/View";
			sourceTree = "<group>";
		};
		8347056B20C7FE9600C5B44E /* Controller */ = {
			isa = PBXGroup;
			children = (
				8347056C20C94F1400C5B44E /* MainViewController.swift */,
				835952CD20B3B0C400E1ECDA /* LogInViewController.swift */,
				8337ECE620C6C8B500CB2C2E /* SignUpViewController.swift */,
			);
			name = Controller;
			path = "New Group/New Group/New Group";
			sourceTree = "<group>";
		};
		835952BF20B3B0C400E1ECDA = {
			isa = PBXGroup;
			children = (
				835952CA20B3B0C400E1ECDA /* HowlTalk */,
				835952C920B3B0C400E1ECDA /* Products */,
				AD79E6DB0AAD463A302169AE /* Pods */,
				085E0AB1863A2109F24FF108 /* Frameworks */,
			);
			sourceTree = "<group>";
		};
		835952C920B3B0C400E1ECDA /* Products */ = {
			isa = PBXGroup;
			children = (
				835952C820B3B0C400E1ECDA /* HowlTalk.app */,
			);
			name = Products;
			sourceTree = "<group>";
		};
		835952CA20B3B0C400E1ECDA /* HowlTalk */ = {
			isa = PBXGroup;
			children = (
				8318C9DE20C3FB3500144C4D /* Common */,
				835952CB20B3B0C400E1ECDA /* AppDelegate.swift */,
				8347056A20C7FE9600C5B44E /* View */,
				8347056B20C7FE9600C5B44E /* Controller */,
				835952D220B3B0C500E1ECDA /* Assets.xcassets */,
				835952D420B3B0C500E1ECDA /* LaunchScreen.storyboard */,
				83B9CB2120CAD9A600E73F79 /* LaunchScreen.swift */,
				835952D720B3B0C500E1ECDA /* Info.plist */,
				8318C9E320C4037300144C4D /* GoogleService-Info.plist */,
				8318C9E520C4089800144C4D /* RemoteConfigDefaults.plist */,
			);
			path = HowlTalk;
			sourceTree = "<group>";
		};
		AD79E6DB0AAD463A302169AE /* Pods */ = {
			isa = PBXGroup;
			children = (
				2EC364FB256C014B919F642F /* Pods-HowlTalk.debug.xcconfig */,
				970F5A9EFFE4AFAD66242517 /* Pods-HowlTalk.release.xcconfig */,
			);
			name = Pods;
			sourceTree = "<group>";
		};
/* End PBXGroup section */

/* Begin PBXNativeTarget section */
		835952C720B3B0C400E1ECDA /* HowlTalk */ = {
			isa = PBXNativeTarget;
			buildConfigurationList = 835952DA20B3B0C500E1ECDA /* Build configuration list for PBXNativeTarget "HowlTalk" */;
			buildPhases = (
				6CE8D36F57EEC2106010A753 /* [CP] Check Pods Manifest.lock */,
				835952C420B3B0C400E1ECDA /* Sources */,
				835952C520B3B0C400E1ECDA /* Frameworks */,
				835952C620B3B0C400E1ECDA /* Resources */,
				2F0CDDE55060935CF41FE26E /* [CP] Embed Pods Frameworks */,
				27AC7DFF5F08F92FACF2E2E7 /* [CP] Copy Pods Resources */,
			);
			buildRules = (
			);
			dependencies = (
			);
			name = HowlTalk;
			productName = HowlTalk;
			productReference = 835952C820B3B0C400E1ECDA /* HowlTalk.app */;
			productType = "com.apple.product-type.application";
		};
/* End PBXNativeTarget section */

/* Begin PBXProject section */
		835952C020B3B0C400E1ECDA /* Project object */ = {
			isa = PBXProject;
			attributes = {
				LastSwiftUpdateCheck = 0930;
				LastUpgradeCheck = 0930;
				ORGANIZATIONNAME = "이기완";
				TargetAttributes = {
					835952C720B3B0C400E1ECDA = {
						CreatedOnToolsVersion = 9.3.1;
						LastSwiftMigration = 1000;
					};
				};
			};
			buildConfigurationList = 835952C320B3B0C400E1ECDA /* Build configuration list for PBXProject "HowlTalk" */;
			compatibilityVersion = "Xcode 9.3";
			developmentRegion = en;
			hasScannedForEncodings = 0;
			knownRegions = (
				en,
				Base,
			);
			mainGroup = 835952BF20B3B0C400E1ECDA;
			productRefGroup = 835952C920B3B0C400E1ECDA /* Products */;
			projectDirPath = "";
			projectRoot = "";
			targets = (
				835952C720B3B0C400E1ECDA /* HowlTalk */,
			);
		};
/* End PBXProject section */

/* Begin PBXResourcesBuildPhase section */
		835952C620B3B0C400E1ECDA /* Resources */ = {
			isa = PBXResourcesBuildPhase;
			buildActionMask = 2147483647;
			files = (
				835952D620B3B0C500E1ECDA /* LaunchScreen.storyboard in Resources */,
				8318C9E620C4089800144C4D /* RemoteConfigDefaults.plist in Resources */,
				8318C9E420C4037300144C4D /* GoogleService-Info.plist in Resources */,
				835952D320B3B0C500E1ECDA /* Assets.xcassets in Resources */,
				835952D120B3B0C400E1ECDA /* LogInViewController.storyboard in Resources */,
				8337ECE920C6C8BD00CB2C2E /* SignUpViewController.storyboard in Resources */,
				8347056F20C94F2000C5B44E /* MainViewController.storyboard in Resources */,
			);
			runOnlyForDeploymentPostprocessing = 0;
		};
/* End PBXResourcesBuildPhase section */

/* Begin PBXShellScriptBuildPhase section */
		27AC7DFF5F08F92FACF2E2E7 /* [CP] Copy Pods Resources */ = {
			isa = PBXShellScriptBuildPhase;
			buildActionMask = 2147483647;
			files = (
			);
			inputPaths = (
				"${SRCROOT}/Pods/Target Support Files/Pods-HowlTalk/Pods-HowlTalk-resources.sh",
				"${PODS_CONFIGURATION_BUILD_DIR}/FirebaseUI/FirebaseAuthUI.bundle",
				"${PODS_CONFIGURATION_BUILD_DIR}/FirebaseUI/FirebaseFacebookAuthUI.bundle",
				"${PODS_CONFIGURATION_BUILD_DIR}/FirebaseUI/FirebaseGoogleAuthUI.bundle",
				"${PODS_CONFIGURATION_BUILD_DIR}/FirebaseUI/FirebasePhoneAuthUI.bundle",
				"${PODS_CONFIGURATION_BUILD_DIR}/FirebaseUI/FirebaseTwitterAuthUI.bundle",
				"${PODS_ROOT}/GoogleSignIn/Resources/GoogleSignIn.bundle",
				"${PODS_ROOT}/TwitterKit/iOS/TwitterKit.framework/TwitterKitResources.bundle",
				"${PODS_ROOT}/TwitterKit/iOS/TwitterKit.framework/TwitterShareExtensionUIResources.bundle",
			);
			name = "[CP] Copy Pods Resources";
			outputPaths = (
				"${TARGET_BUILD_DIR}/${UNLOCALIZED_RESOURCES_FOLDER_PATH}/FirebaseAuthUI.bundle",
				"${TARGET_BUILD_DIR}/${UNLOCALIZED_RESOURCES_FOLDER_PATH}/FirebaseFacebookAuthUI.bundle",
				"${TARGET_BUILD_DIR}/${UNLOCALIZED_RESOURCES_FOLDER_PATH}/FirebaseGoogleAuthUI.bundle",
				"${TARGET_BUILD_DIR}/${UNLOCALIZED_RESOURCES_FOLDER_PATH}/FirebasePhoneAuthUI.bundle",
				"${TARGET_BUILD_DIR}/${UNLOCALIZED_RESOURCES_FOLDER_PATH}/FirebaseTwitterAuthUI.bundle",
				"${TARGET_BUILD_DIR}/${UNLOCALIZED_RESOURCES_FOLDER_PATH}/GoogleSignIn.bundle",
				"${TARGET_BUILD_DIR}/${UNLOCALIZED_RESOURCES_FOLDER_PATH}/TwitterKitResources.bundle",
				"${TARGET_BUILD_DIR}/${UNLOCALIZED_RESOURCES_FOLDER_PATH}/TwitterShareExtensionUIResources.bundle",
			);
			runOnlyForDeploymentPostprocessing = 0;
			shellPath = /bin/sh;
			shellScript = "\"${SRCROOT}/Pods/Target Support Files/Pods-HowlTalk/Pods-HowlTalk-resources.sh\"\n";
			showEnvVarsInLog = 0;
		};
		2F0CDDE55060935CF41FE26E /* [CP] Embed Pods Frameworks */ = {
			isa = PBXShellScriptBuildPhase;
			buildActionMask = 2147483647;
			files = (
			);
			inputPaths = (
				"${SRCROOT}/Pods/Target Support Files/Pods-HowlTalk/Pods-HowlTalk-frameworks.sh",
				"${BUILT_PRODUCTS_DIR}/Bolts/Bolts.framework",
				"${BUILT_PRODUCTS_DIR}/BoringSSL/openssl.framework",
				"${BUILT_PRODUCTS_DIR}/FBSDKCoreKit/FBSDKCoreKit.framework",
				"${BUILT_PRODUCTS_DIR}/FBSDKLoginKit/FBSDKLoginKit.framework",
				"${BUILT_PRODUCTS_DIR}/GTMOAuth2/GTMOAuth2.framework",
				"${BUILT_PRODUCTS_DIR}/GTMSessionFetcher/GTMSessionFetcher.framework",
				"${BUILT_PRODUCTS_DIR}/GoogleToolboxForMac/GoogleToolboxForMac.framework",
				"${BUILT_PRODUCTS_DIR}/Protobuf/Protobuf.framework",
				"${BUILT_PRODUCTS_DIR}/SDWebImage/SDWebImage.framework",
				"${BUILT_PRODUCTS_DIR}/SKSplashView/SKSplashView.framework",
				"${BUILT_PRODUCTS_DIR}/TextFieldEffects/TextFieldEffects.framework",
				"${PODS_ROOT}/TwitterCore/iOS/TwitterCore.framework",
				"${PODS_ROOT}/TwitterKit/iOS/TwitterKit.framework",
				"${BUILT_PRODUCTS_DIR}/gRPC/GRPCClient.framework",
				"${BUILT_PRODUCTS_DIR}/gRPC-Core/grpc.framework",
				"${BUILT_PRODUCTS_DIR}/gRPC-ProtoRPC/ProtoRPC.framework",
				"${BUILT_PRODUCTS_DIR}/gRPC-RxLibrary/RxLibrary.framework",
				"${BUILT_PRODUCTS_DIR}/leveldb-library/leveldb.framework",
				"${BUILT_PRODUCTS_DIR}/nanopb/nanopb.framework",
			);
			name = "[CP] Embed Pods Frameworks";
			outputPaths = (
				"${TARGET_BUILD_DIR}/${FRAMEWORKS_FOLDER_PATH}/Bolts.framework",
				"${TARGET_BUILD_DIR}/${FRAMEWORKS_FOLDER_PATH}/openssl.framework",
				"${TARGET_BUILD_DIR}/${FRAMEWORKS_FOLDER_PATH}/FBSDKCoreKit.framework",
				"${TARGET_BUILD_DIR}/${FRAMEWORKS_FOLDER_PATH}/FBSDKLoginKit.framework",
				"${TARGET_BUILD_DIR}/${FRAMEWORKS_FOLDER_PATH}/GTMOAuth2.framework",
				"${TARGET_BUILD_DIR}/${FRAMEWORKS_FOLDER_PATH}/GTMSessionFetcher.framework",
				"${TARGET_BUILD_DIR}/${FRAMEWORKS_FOLDER_PATH}/GoogleToolboxForMac.framework",
				"${TARGET_BUILD_DIR}/${FRAMEWORKS_FOLDER_PATH}/Protobuf.framework",
				"${TARGET_BUILD_DIR}/${FRAMEWORKS_FOLDER_PATH}/SDWebImage.framework",
				"${TARGET_BUILD_DIR}/${FRAMEWORKS_FOLDER_PATH}/SKSplashView.framework",
				"${TARGET_BUILD_DIR}/${FRAMEWORKS_FOLDER_PATH}/TextFieldEffects.framework",
				"${TARGET_BUILD_DIR}/${FRAMEWORKS_FOLDER_PATH}/TwitterCore.framework",
				"${TARGET_BUILD_DIR}/${FRAMEWORKS_FOLDER_PATH}/TwitterKit.framework",
				"${TARGET_BUILD_DIR}/${FRAMEWORKS_FOLDER_PATH}/GRPCClient.framework",
				"${TARGET_BUILD_DIR}/${FRAMEWORKS_FOLDER_PATH}/grpc.framework",
				"${TARGET_BUILD_DIR}/${FRAMEWORKS_FOLDER_PATH}/ProtoRPC.framework",
				"${TARGET_BUILD_DIR}/${FRAMEWORKS_FOLDER_PATH}/RxLibrary.framework",
				"${TARGET_BUILD_DIR}/${FRAMEWORKS_FOLDER_PATH}/leveldb.framework",
				"${TARGET_BUILD_DIR}/${FRAMEWORKS_FOLDER_PATH}/nanopb.framework",
			);
			runOnlyForDeploymentPostprocessing = 0;
			shellPath = /bin/sh;
			shellScript = "\"${SRCROOT}/Pods/Target Support Files/Pods-HowlTalk/Pods-HowlTalk-frameworks.sh\"\n";
			showEnvVarsInLog = 0;
		};
		6CE8D36F57EEC2106010A753 /* [CP] Check Pods Manifest.lock */ = {
			isa = PBXShellScriptBuildPhase;
			buildActionMask = 2147483647;
			files = (
			);
			inputPaths = (
				"${PODS_PODFILE_DIR_PATH}/Podfile.lock",
				"${PODS_ROOT}/Manifest.lock",
			);
			name = "[CP] Check Pods Manifest.lock";
			outputPaths = (
				"$(DERIVED_FILE_DIR)/Pods-HowlTalk-checkManifestLockResult.txt",
			);
			runOnlyForDeploymentPostprocessing = 0;
			shellPath = /bin/sh;
			shellScript = "diff \"${PODS_PODFILE_DIR_PATH}/Podfile.lock\" \"${PODS_ROOT}/Manifest.lock\" > /dev/null\nif [ $? != 0 ] ; then\n    # print error to STDERR\n    echo \"error: The sandbox is not in sync with the Podfile.lock. Run 'pod install' or update your CocoaPods installation.\" >&2\n    exit 1\nfi\n# This output is used by Xcode 'outputs' to avoid re-running this script phase.\necho \"SUCCESS\" > \"${SCRIPT_OUTPUT_FILE_0}\"\n";
			showEnvVarsInLog = 0;
		};
/* End PBXShellScriptBuildPhase section */

/* Begin PBXSourcesBuildPhase section */
		835952C420B3B0C400E1ECDA /* Sources */ = {
			isa = PBXSourcesBuildPhase;
			buildActionMask = 2147483647;
			files = (
				8337ECE720C6C8B500CB2C2E /* SignUpViewController.swift in Sources */,
				8337ECE520C6C60D00CB2C2E /* Date+Extension.swift in Sources */,
				83B9CB2220CAD9A600E73F79 /* LaunchScreen.swift in Sources */,
				835952CE20B3B0C400E1ECDA /* LogInViewController.swift in Sources */,
				8350372520C94BB200CCE958 /* UIAlertController.swift in Sources */,
				835952CC20B3B0C400E1ECDA /* AppDelegate.swift in Sources */,
				8318C9E220C3FD7D00144C4D /* Logger.swift in Sources */,
				8337ECE420C6C60D00CB2C2E /* UIColor+Extension.swift in Sources */,
				8347056D20C94F1400C5B44E /* MainViewController.swift in Sources */,
			);
			runOnlyForDeploymentPostprocessing = 0;
		};
/* End PBXSourcesBuildPhase section */

/* Begin PBXVariantGroup section */
		835952CF20B3B0C400E1ECDA /* LogInViewController.storyboard */ = {
			isa = PBXVariantGroup;
			children = (
				835952D020B3B0C400E1ECDA /* Base */,
			);
			name = LogInViewController.storyboard;
			sourceTree = "<group>";
		};
		835952D420B3B0C500E1ECDA /* LaunchScreen.storyboard */ = {
			isa = PBXVariantGroup;
			children = (
				835952D520B3B0C500E1ECDA /* Base */,
			);
			name = LaunchScreen.storyboard;
			sourceTree = "<group>";
		};
/* End PBXVariantGroup section */

/* Begin XCBuildConfiguration section */
		835952D820B3B0C500E1ECDA /* Debug */ = {
			isa = XCBuildConfiguration;
			buildSettings = {
				ALWAYS_SEARCH_USER_PATHS = NO;
				CLANG_ANALYZER_NONNULL = YES;
				CLANG_ANALYZER_NUMBER_OBJECT_CONVERSION = YES_AGGRESSIVE;
				CLANG_CXX_LANGUAGE_STANDARD = "gnu++14";
				CLANG_CXX_LIBRARY = "libc++";
				CLANG_ENABLE_MODULES = YES;
				CLANG_ENABLE_OBJC_ARC = YES;
				CLANG_ENABLE_OBJC_WEAK = YES;
				CLANG_WARN_BLOCK_CAPTURE_AUTORELEASING = YES;
				CLANG_WARN_BOOL_CONVERSION = YES;
				CLANG_WARN_COMMA = YES;
				CLANG_WARN_CONSTANT_CONVERSION = YES;
				CLANG_WARN_DEPRECATED_OBJC_IMPLEMENTATIONS = YES;
				CLANG_WARN_DIRECT_OBJC_ISA_USAGE = YES_ERROR;
				CLANG_WARN_DOCUMENTATION_COMMENTS = YES;
				CLANG_WARN_EMPTY_BODY = YES;
				CLANG_WARN_ENUM_CONVERSION = YES;
				CLANG_WARN_INFINITE_RECURSION = YES;
				CLANG_WARN_INT_CONVERSION = YES;
				CLANG_WARN_NON_LITERAL_NULL_CONVERSION = YES;
				CLANG_WARN_OBJC_IMPLICIT_RETAIN_SELF = YES;
				CLANG_WARN_OBJC_LITERAL_CONVERSION = YES;
				CLANG_WARN_OBJC_ROOT_CLASS = YES_ERROR;
				CLANG_WARN_RANGE_LOOP_ANALYSIS = YES;
				CLANG_WARN_STRICT_PROTOTYPES = YES;
				CLANG_WARN_SUSPICIOUS_MOVE = YES;
				CLANG_WARN_UNGUARDED_AVAILABILITY = YES_AGGRESSIVE;
				CLANG_WARN_UNREACHABLE_CODE = YES;
				CLANG_WARN__DUPLICATE_METHOD_MATCH = YES;
				CODE_SIGN_IDENTITY = "iPhone Developer";
				COPY_PHASE_STRIP = NO;
				DEBUG_INFORMATION_FORMAT = dwarf;
				ENABLE_STRICT_OBJC_MSGSEND = YES;
				ENABLE_TESTABILITY = YES;
				GCC_C_LANGUAGE_STANDARD = gnu11;
				GCC_DYNAMIC_NO_PIC = NO;
				GCC_NO_COMMON_BLOCKS = YES;
				GCC_OPTIMIZATION_LEVEL = 0;
				GCC_PREPROCESSOR_DEFINITIONS = (
					"DEBUG=1",
					"$(inherited)",
				);
				GCC_WARN_64_TO_32_BIT_CONVERSION = YES;
				GCC_WARN_ABOUT_RETURN_TYPE = YES_ERROR;
				GCC_WARN_UNDECLARED_SELECTOR = YES;
				GCC_WARN_UNINITIALIZED_AUTOS = YES_AGGRESSIVE;
				GCC_WARN_UNUSED_FUNCTION = YES;
				GCC_WARN_UNUSED_VARIABLE = YES;
				IPHONEOS_DEPLOYMENT_TARGET = 11.3;
				MTL_ENABLE_DEBUG_INFO = YES;
				ONLY_ACTIVE_ARCH = YES;
				SDKROOT = iphoneos;
				SWIFT_ACTIVE_COMPILATION_CONDITIONS = DEBUG;
				SWIFT_OPTIMIZATION_LEVEL = "-Onone";
			};
			name = Debug;
		};
		835952D920B3B0C500E1ECDA /* Release */ = {
			isa = XCBuildConfiguration;
			buildSettings = {
				ALWAYS_SEARCH_USER_PATHS = NO;
				CLANG_ANALYZER_NONNULL = YES;
				CLANG_ANALYZER_NUMBER_OBJECT_CONVERSION = YES_AGGRESSIVE;
				CLANG_CXX_LANGUAGE_STANDARD = "gnu++14";
				CLANG_CXX_LIBRARY = "libc++";
				CLANG_ENABLE_MODULES = YES;
				CLANG_ENABLE_OBJC_ARC = YES;
				CLANG_ENABLE_OBJC_WEAK = YES;
				CLANG_WARN_BLOCK_CAPTURE_AUTORELEASING = YES;
				CLANG_WARN_BOOL_CONVERSION = YES;
				CLANG_WARN_COMMA = YES;
				CLANG_WARN_CONSTANT_CONVERSION = YES;
				CLANG_WARN_DEPRECATED_OBJC_IMPLEMENTATIONS = YES;
				CLANG_WARN_DIRECT_OBJC_ISA_USAGE = YES_ERROR;
				CLANG_WARN_DOCUMENTATION_COMMENTS = YES;
				CLANG_WARN_EMPTY_BODY = YES;
				CLANG_WARN_ENUM_CONVERSION = YES;
				CLANG_WARN_INFINITE_RECURSION = YES;
				CLANG_WARN_INT_CONVERSION = YES;
				CLANG_WARN_NON_LITERAL_NULL_CONVERSION = YES;
				CLANG_WARN_OBJC_IMPLICIT_RETAIN_SELF = YES;
				CLANG_WARN_OBJC_LITERAL_CONVERSION = YES;
				CLANG_WARN_OBJC_ROOT_CLASS = YES_ERROR;
				CLANG_WARN_RANGE_LOOP_ANALYSIS = YES;
				CLANG_WARN_STRICT_PROTOTYPES = YES;
				CLANG_WARN_SUSPICIOUS_MOVE = YES;
				CLANG_WARN_UNGUARDED_AVAILABILITY = YES_AGGRESSIVE;
				CLANG_WARN_UNREACHABLE_CODE = YES;
				CLANG_WARN__DUPLICATE_METHOD_MATCH = YES;
				CODE_SIGN_IDENTITY = "iPhone Developer";
				COPY_PHASE_STRIP = NO;
				DEBUG_INFORMATION_FORMAT = "dwarf-with-dsym";
				ENABLE_NS_ASSERTIONS = NO;
				ENABLE_STRICT_OBJC_MSGSEND = YES;
				GCC_C_LANGUAGE_STANDARD = gnu11;
				GCC_NO_COMMON_BLOCKS = YES;
				GCC_WARN_64_TO_32_BIT_CONVERSION = YES;
				GCC_WARN_ABOUT_RETURN_TYPE = YES_ERROR;
				GCC_WARN_UNDECLARED_SELECTOR = YES;
				GCC_WARN_UNINITIALIZED_AUTOS = YES_AGGRESSIVE;
				GCC_WARN_UNUSED_FUNCTION = YES;
				GCC_WARN_UNUSED_VARIABLE = YES;
				IPHONEOS_DEPLOYMENT_TARGET = 11.3;
				MTL_ENABLE_DEBUG_INFO = NO;
				SDKROOT = iphoneos;
				SWIFT_COMPILATION_MODE = wholemodule;
				SWIFT_OPTIMIZATION_LEVEL = "-O";
				VALIDATE_PRODUCT = YES;
			};
			name = Release;
		};
		835952DB20B3B0C500E1ECDA /* Debug */ = {
			isa = XCBuildConfiguration;
			baseConfigurationReference = 2EC364FB256C014B919F642F /* Pods-HowlTalk.debug.xcconfig */;
			buildSettings = {
				ASSETCATALOG_COMPILER_APPICON_NAME = AppIcon;
				CODE_SIGN_STYLE = Automatic;
				DEVELOPMENT_TEAM = 77F6X5R2CN;
				INFOPLIST_FILE = HowlTalk/Info.plist;
				LD_RUNPATH_SEARCH_PATHS = "$(inherited) @executable_path/Frameworks";
				PRODUCT_BUNDLE_IDENTIFIER = com.kiwan.HowlTalk;
				PRODUCT_NAME = "$(TARGET_NAME)";
				SWIFT_VERSION = 4.2;
				TARGETED_DEVICE_FAMILY = "1,2";
			};
			name = Debug;
		};
		835952DC20B3B0C500E1ECDA /* Release */ = {
			isa = XCBuildConfiguration;
			baseConfigurationReference = 970F5A9EFFE4AFAD66242517 /* Pods-HowlTalk.release.xcconfig */;
			buildSettings = {
				ASSETCATALOG_COMPILER_APPICON_NAME = AppIcon;
				CODE_SIGN_STYLE = Automatic;
				DEVELOPMENT_TEAM = 77F6X5R2CN;
				INFOPLIST_FILE = HowlTalk/Info.plist;
				LD_RUNPATH_SEARCH_PATHS = "$(inherited) @executable_path/Frameworks";
				PRODUCT_BUNDLE_IDENTIFIER = com.kiwan.HowlTalk;
				PRODUCT_NAME = "$(TARGET_NAME)";
				SWIFT_VERSION = 4.2;
				TARGETED_DEVICE_FAMILY = "1,2";
			};
			name = Release;
		};
/* End XCBuildConfiguration section */

/* Begin XCConfigurationList section */
		835952C320B3B0C400E1ECDA /* Build configuration list for PBXProject "HowlTalk" */ = {
			isa = XCConfigurationList;
			buildConfigurations = (
				835952D820B3B0C500E1ECDA /* Debug */,
				835952D920B3B0C500E1ECDA /* Release */,
			);
			defaultConfigurationIsVisible = 0;
			defaultConfigurationName = Release;
		};
		835952DA20B3B0C500E1ECDA /* Build configuration list for PBXNativeTarget "HowlTalk" */ = {
			isa = XCConfigurationList;
			buildConfigurations = (
				835952DB20B3B0C500E1ECDA /* Debug */,
				835952DC20B3B0C500E1ECDA /* Release */,
			);
			defaultConfigurationIsVisible = 0;
			defaultConfigurationName = Release;
		};
/* End XCConfigurationList section */
	};
	rootObject = 835952C020B3B0C400E1ECDA /* Project object */;
}
